
Microsoft Visual Studio Solution File, Format Version 12.00
# Visual Studio Version 16
VisualStudioVersion = 16.0.29613.14
MinimumVisualStudioVersion = 10.0.40219.1
Project("{FAE04EC0-301F-11D3-BF4B-00C04F79EFBC}") = "Sahaf.Core", "Sahaf.Core\Sahaf.Core.csproj", "{9B9617A2-109B-447D-BA47-8A74057E7849}"
EndProject
Project("{FAE04EC0-301F-11D3-BF4B-00C04F79EFBC}") = "Sahaf.Model", "Sahaf.Model\Sahaf.Model.csproj", "{2E48E86A-E70C-4FB5-8A71-07D57AE41D37}"
EndProject
Project("{FAE04EC0-301F-11D3-BF4B-00C04F79EFBC}") = "Sahaf.DAL", "Sahaf.DAL\Sahaf.DAL.csproj", "{86B1FBDE-0C21-4A65-8BB5-EA0B6347E24B}"
EndProject
Global
	GlobalSection(SolutionConfigurationPlatforms) = preSolution
		Debug|Any CPU = Debug|Any CPU
		Release|Any CPU = Release|Any CPU
	EndGlobalSection
	GlobalSection(ProjectConfigurationPlatforms) = postSolution
		{9B9617A2-109B-447D-BA47-8A74057E7849}.Debug|Any CPU.ActiveCfg = Debug|Any CPU
		{9B9617A2-109B-447D-BA47-8A74057E7849}.Debug|Any CPU.Build.0 = Debug|Any CPU
		{9B9617A2-109B-447D-BA47-8A74057E7849}.Release|Any CPU.ActiveCfg = Release|Any CPU
		{9B9617A2-109B-447D-BA47-8A74057E7849}.Release|Any CPU.Build.0 = Release|Any CPU
		{2E48E86A-E70C-4FB5-8A71-07D57AE41D37}.Debug|Any CPU.ActiveCfg = Debug|Any CPU
		{2E48E86A-E70C-4FB5-8A71-07D57AE41D37}.Debug|Any CPU.Build.0 = Debug|Any CPU
		{2E48E86A-E70C-4FB5-8A71-07D57AE41D37}.Release|Any CPU.ActiveCfg = Release|Any CPU
		{2E48E86A-E70C-4FB5-8A71-07D57AE41D37}.Release|Any CPU.Build.0 = Release|Any CPU
		{86B1FBDE-0C21-4A65-8BB5-EA0B6347E24B}.Debug|Any CPU.ActiveCfg = Debug|Any CPU
		{86B1FBDE-0C21-4A65-8BB5-EA0B6347E24B}.Debug|Any CPU.Build.0 = Debug|Any CPU
		{86B1FBDE-0C21-4A65-8BB5-EA0B6347E24B}.Release|Any CPU.ActiveCfg = Release|Any CPU
		{86B1FBDE-0C21-4A65-8BB5-EA0B6347E24B}.Release|Any CPU.Build.0 = Release|Any CPU
	EndGlobalSection
	GlobalSection(SolutionProperties) = preSolution
		HideSolutionNode = FALSE
	EndGlobalSection
	GlobalSection(ExtensibilityGlobals) = postSolution
		SolutionGuid = {3B8BD913-F9F4-4F22-9A65-31B517973374}
	EndGlobalSection
EndGlobal
